
Microsoft Visual Studio Solution File, Format Version 12.00
# Visual Studio Version 17
VisualStudioVersion = 17.0.32014.148
MinimumVisualStudioVersion = 10.0.40219.1
Project("{9A19103F-16F7-4668-BE54-9A1E7A4F7556}") = "WebApp", "WebApp\WebApp.csproj", "{9DDF7121-3DC5-4BF9-BE85-C777295C85BA}"
EndProject
Project("{9A19103F-16F7-4668-BE54-9A1E7A4F7556}") = "ChinookSystem", "ChinookSystem\ChinookSystem.csproj", "{6DD4E734-34D5-45BE-AD17-3D23FA976C6D}"
EndProject
Global
	GlobalSection(SolutionConfigurationPlatforms) = preSolution
		Debug|Any CPU = Debug|Any CPU
		Release|Any CPU = Release|Any CPU
	EndGlobalSection
	GlobalSection(ProjectConfigurationPlatforms) = postSolution
		{9DDF7121-3DC5-4BF9-BE85-C777295C85BA}.Debug|Any CPU.ActiveCfg = Debug|Any CPU
		{9DDF7121-3DC5-4BF9-BE85-C777295C85BA}.Debug|Any CPU.Build.0 = Debug|Any CPU
		{9DDF7121-3DC5-4BF9-BE85-C777295C85BA}.Release|Any CPU.ActiveCfg = Release|Any CPU
		{9DDF7121-3DC5-4BF9-BE85-C777295C85BA}.Release|Any CPU.Build.0 = Release|Any CPU
		{6DD4E734-34D5-45BE-AD17-3D23FA976C6D}.Debug|Any CPU.ActiveCfg = Debug|Any CPU
		{6DD4E734-34D5-45BE-AD17-3D23FA976C6D}.Debug|Any CPU.Build.0 = Debug|Any CPU
		{6DD4E734-34D5-45BE-AD17-3D23FA976C6D}.Release|Any CPU.ActiveCfg = Release|Any CPU
		{6DD4E734-34D5-45BE-AD17-3D23FA976C6D}.Release|Any CPU.Build.0 = Release|Any CPU
	EndGlobalSection
	GlobalSection(SolutionProperties) = preSolution
		HideSolutionNode = FALSE
	EndGlobalSection
	GlobalSection(ExtensibilityGlobals) = postSolution
		SolutionGuid = {7C63E46A-D477-42DC-BB23-5E6861DC5C3A}
	EndGlobalSection
EndGlobal
